{
  "version": 4,
  "terraform_version": "1.12.1",
  "serial": 1,
  "lineage": "48b80692-c258-d07d-55f6-63fc8a91c449",
  "outputs": {},
  "resources": [
    {
      "mode": "managed",
      "type": "spotify_playlist",
      "name": "tf_project",
      "provider": "provider[\"registry.terraform.io/conradludgate/spotify\"]",
      "instances": [
        {
          "schema_version": 0,
          "attributes": {
            "description": null,
            "id": "4YbcZWhtndWoil3CmADrYi",
            "name": "tf project",
            "public": true,
            "snapshot_id": "AAAAAgshPnagmsdbcElghhO/DSgD+Jjy",
            "tracks": [
              "4OROzZUy6gOWN4UGQVaZMF"
            ]
          },
          "sensitive_attributes": [],
          "identity_schema_version": 0,
          "private": "bnVsbA=="
        }
      ]
    }
  ],
  "check_results": null
}
